
Microsoft Visual Studio Solution File, Format Version 12.00
# Visual Studio 2012
Project("{FAE04EC0-301F-11D3-BF4B-00C04F79EFBC}") = "TestJSON", "TestJSON\TestJSON.csproj", "{23E0E013-5436-4651-9C97-2FB0341DE1CA}"
EndProject
Project("{FAE04EC0-301F-11D3-BF4B-00C04F79EFBC}") = "KingBingo.Client", "KingBingo.Client\KingBingo.Client.csproj", "{CBECCB31-4497-4555-BD22-BCBAAF59E4EE}"
EndProject
Project("{FAE04EC0-301F-11D3-BF4B-00C04F79EFBC}") = "Bot", "Bot\Bot.csproj", "{38533E94-DF04-479C-B550-C99CE4AF2D54}"
EndProject
Global
	GlobalSection(SolutionConfigurationPlatforms) = preSolution
		Debug|Any CPU = Debug|Any CPU
		Release|Any CPU = Release|Any CPU
	EndGlobalSection
	GlobalSection(ProjectConfigurationPlatforms) = postSolution
		{23E0E013-5436-4651-9C97-2FB0341DE1CA}.Debug|Any CPU.ActiveCfg = Debug|Any CPU
		{23E0E013-5436-4651-9C97-2FB0341DE1CA}.Debug|Any CPU.Build.0 = Debug|Any CPU
		{23E0E013-5436-4651-9C97-2FB0341DE1CA}.Release|Any CPU.ActiveCfg = Release|Any CPU
		{23E0E013-5436-4651-9C97-2FB0341DE1CA}.Release|Any CPU.Build.0 = Release|Any CPU
		{CBECCB31-4497-4555-BD22-BCBAAF59E4EE}.Debug|Any CPU.ActiveCfg = Debug|Any CPU
		{CBECCB31-4497-4555-BD22-BCBAAF59E4EE}.Debug|Any CPU.Build.0 = Debug|Any CPU
		{CBECCB31-4497-4555-BD22-BCBAAF59E4EE}.Release|Any CPU.ActiveCfg = Release|Any CPU
		{CBECCB31-4497-4555-BD22-BCBAAF59E4EE}.Release|Any CPU.Build.0 = Release|Any CPU
		{38533E94-DF04-479C-B550-C99CE4AF2D54}.Debug|Any CPU.ActiveCfg = Debug|Any CPU
		{38533E94-DF04-479C-B550-C99CE4AF2D54}.Debug|Any CPU.Build.0 = Debug|Any CPU
		{38533E94-DF04-479C-B550-C99CE4AF2D54}.Release|Any CPU.ActiveCfg = Release|Any CPU
		{38533E94-DF04-479C-B550-C99CE4AF2D54}.Release|Any CPU.Build.0 = Release|Any CPU
	EndGlobalSection
	GlobalSection(SolutionProperties) = preSolution
		HideSolutionNode = FALSE
	EndGlobalSection
EndGlobal
