
Microsoft Visual Studio Solution File, Format Version 12.00
# Visual Studio 2012
Project("{FAE04EC0-301F-11D3-BF4B-00C04F79EFBC}") = "KingBingo", "KingBingo\KingBingo.csproj", "{0FF15FB0-8978-4895-84A9-64C2B5B4707D}"
EndProject
Project("{FAE04EC0-301F-11D3-BF4B-00C04F79EFBC}") = "KingBingo.Tests", "KingBingo.Tests\KingBingo.Tests.csproj", "{0B7C1303-05C6-4DDA-B3BE-311954E3307A}"
EndProject
Global
	GlobalSection(SolutionConfigurationPlatforms) = preSolution
		Debug|Any CPU = Debug|Any CPU
		Release|Any CPU = Release|Any CPU
	EndGlobalSection
	GlobalSection(ProjectConfigurationPlatforms) = postSolution
		{0FF15FB0-8978-4895-84A9-64C2B5B4707D}.Debug|Any CPU.ActiveCfg = Debug|Any CPU
		{0FF15FB0-8978-4895-84A9-64C2B5B4707D}.Debug|Any CPU.Build.0 = Debug|Any CPU
		{0FF15FB0-8978-4895-84A9-64C2B5B4707D}.Release|Any CPU.ActiveCfg = Release|Any CPU
		{0FF15FB0-8978-4895-84A9-64C2B5B4707D}.Release|Any CPU.Build.0 = Release|Any CPU
		{0B7C1303-05C6-4DDA-B3BE-311954E3307A}.Debug|Any CPU.ActiveCfg = Debug|Any CPU
		{0B7C1303-05C6-4DDA-B3BE-311954E3307A}.Debug|Any CPU.Build.0 = Debug|Any CPU
		{0B7C1303-05C6-4DDA-B3BE-311954E3307A}.Release|Any CPU.ActiveCfg = Release|Any CPU
		{0B7C1303-05C6-4DDA-B3BE-311954E3307A}.Release|Any CPU.Build.0 = Release|Any CPU
	EndGlobalSection
	GlobalSection(SolutionProperties) = preSolution
		HideSolutionNode = FALSE
	EndGlobalSection
EndGlobal
